
Microsoft Visual Studio Solution File, Format Version 12.00
# Visual Studio 15
VisualStudioVersion = 15.0.28010.2046
MinimumVisualStudioVersion = 10.0.40219.1
Project("{888888A0-9F3D-457C-B088-3A5042F75D52}") = "touhouCDspaider-rebuild", "touhouCDspaider-rebuild\touhouCDspaider-rebuild.pyproj", "{A1EFD1BC-B235-4FD9-A7AB-FB0A8F71E49D}"
EndProject
Global
	GlobalSection(SolutionConfigurationPlatforms) = preSolution
		Debug|Any CPU = Debug|Any CPU
		Release|Any CPU = Release|Any CPU
	EndGlobalSection
	GlobalSection(ProjectConfigurationPlatforms) = postSolution
		{A1EFD1BC-B235-4FD9-A7AB-FB0A8F71E49D}.Debug|Any CPU.ActiveCfg = Debug|Any CPU
		{A1EFD1BC-B235-4FD9-A7AB-FB0A8F71E49D}.Release|Any CPU.ActiveCfg = Release|Any CPU
	EndGlobalSection
	GlobalSection(SolutionProperties) = preSolution
		HideSolutionNode = FALSE
	EndGlobalSection
	GlobalSection(ExtensibilityGlobals) = postSolution
		SolutionGuid = {50A76FE8-3547-473F-B375-6E3394164956}
	EndGlobalSection
EndGlobal
